
Microsoft Visual Studio Solution File, Format Version 12.00
# Visual Studio 15
VisualStudioVersion = 15.0.28307.489
MinimumVisualStudioVersion = 10.0.40219.1
Project("{9A19103F-16F7-4668-BE54-9A1E7A4F7556}") = "DynamicMethodGeneration.ConsoleApp", "DynamicMethodGeneration.ConsoleApp\DynamicMethodGeneration.ConsoleApp.csproj", "{7A32DB4C-C2C4-4736-88E5-316118F71647}"
EndProject
Project("{9A19103F-16F7-4668-BE54-9A1E7A4F7556}") = "DynamicMethodGeneration", "DynamicMethodGeneration\DynamicMethodGeneration.csproj", "{DBEA04D1-FDEE-4777-BCC3-CAB4CB590CEB}"
EndProject
Project("{FAE04EC0-301F-11D3-BF4B-00C04F79EFBC}") = "DynamicMethodGeneration.Tests", "DynamicMethodGeneration.Tests\DynamicMethodGeneration.Tests.csproj", "{7B6AFD3A-FFDC-4B7D-8748-3F20371F4CE2}"
EndProject
Global
	GlobalSection(SolutionConfigurationPlatforms) = preSolution
		Debug|Any CPU = Debug|Any CPU
		Release|Any CPU = Release|Any CPU
	EndGlobalSection
	GlobalSection(ProjectConfigurationPlatforms) = postSolution
		{7A32DB4C-C2C4-4736-88E5-316118F71647}.Debug|Any CPU.ActiveCfg = Debug|Any CPU
		{7A32DB4C-C2C4-4736-88E5-316118F71647}.Debug|Any CPU.Build.0 = Debug|Any CPU
		{7A32DB4C-C2C4-4736-88E5-316118F71647}.Release|Any CPU.ActiveCfg = Release|Any CPU
		{7A32DB4C-C2C4-4736-88E5-316118F71647}.Release|Any CPU.Build.0 = Release|Any CPU
		{DBEA04D1-FDEE-4777-BCC3-CAB4CB590CEB}.Debug|Any CPU.ActiveCfg = Debug|Any CPU
		{DBEA04D1-FDEE-4777-BCC3-CAB4CB590CEB}.Debug|Any CPU.Build.0 = Debug|Any CPU
		{DBEA04D1-FDEE-4777-BCC3-CAB4CB590CEB}.Release|Any CPU.ActiveCfg = Release|Any CPU
		{DBEA04D1-FDEE-4777-BCC3-CAB4CB590CEB}.Release|Any CPU.Build.0 = Release|Any CPU
		{7B6AFD3A-FFDC-4B7D-8748-3F20371F4CE2}.Debug|Any CPU.ActiveCfg = Debug|Any CPU
		{7B6AFD3A-FFDC-4B7D-8748-3F20371F4CE2}.Debug|Any CPU.Build.0 = Debug|Any CPU
		{7B6AFD3A-FFDC-4B7D-8748-3F20371F4CE2}.Release|Any CPU.ActiveCfg = Release|Any CPU
		{7B6AFD3A-FFDC-4B7D-8748-3F20371F4CE2}.Release|Any CPU.Build.0 = Release|Any CPU
	EndGlobalSection
	GlobalSection(SolutionProperties) = preSolution
		HideSolutionNode = FALSE
	EndGlobalSection
	GlobalSection(ExtensibilityGlobals) = postSolution
		SolutionGuid = {BF79295E-EE2F-4CB1-9A96-1B625445F8BB}
	EndGlobalSection
EndGlobal
